
Microsoft Visual Studio Solution File, Format Version 12.00
# Visual Studio 2012
Project("{FAE04EC0-301F-11D3-BF4B-00C04F79EFBC}") = "InfomaniakPeopleManagementTool", "InfomaniakPeopleManagementTool\InfomaniakPeopleManagementTool.csproj", "{FDA86DAC-5D1B-4C15-816B-DB8FCDA3F95D}"
EndProject
Global
	GlobalSection(SolutionConfigurationPlatforms) = preSolution
		Debug|Any CPU = Debug|Any CPU
		Release|Any CPU = Release|Any CPU
	EndGlobalSection
	GlobalSection(ProjectConfigurationPlatforms) = postSolution
		{FDA86DAC-5D1B-4C15-816B-DB8FCDA3F95D}.Debug|Any CPU.ActiveCfg = Debug|Any CPU
		{FDA86DAC-5D1B-4C15-816B-DB8FCDA3F95D}.Debug|Any CPU.Build.0 = Debug|Any CPU
		{FDA86DAC-5D1B-4C15-816B-DB8FCDA3F95D}.Release|Any CPU.ActiveCfg = Release|Any CPU
		{FDA86DAC-5D1B-4C15-816B-DB8FCDA3F95D}.Release|Any CPU.Build.0 = Release|Any CPU
	EndGlobalSection
	GlobalSection(SolutionProperties) = preSolution
		HideSolutionNode = FALSE
	EndGlobalSection
EndGlobal
